
Microsoft Visual Studio Solution File, Format Version 12.00
# Visual Studio 15
VisualStudioVersion = 15.0.27004.2008
MinimumVisualStudioVersion = 10.0.40219.1
Project("{FAE04EC0-301F-11D3-BF4B-00C04F79EFBC}") = "CookBook", "CookBook\CookBook.csproj", "{B9FB9D03-8492-4708-A238-D29845B1C44E}"
EndProject
Global
	GlobalSection(SolutionConfigurationPlatforms) = preSolution
		Debug|Any CPU = Debug|Any CPU
		Release|Any CPU = Release|Any CPU
	EndGlobalSection
	GlobalSection(ProjectConfigurationPlatforms) = postSolution
		{B9FB9D03-8492-4708-A238-D29845B1C44E}.Debug|Any CPU.ActiveCfg = Debug|Any CPU
		{B9FB9D03-8492-4708-A238-D29845B1C44E}.Debug|Any CPU.Build.0 = Debug|Any CPU
		{B9FB9D03-8492-4708-A238-D29845B1C44E}.Release|Any CPU.ActiveCfg = Release|Any CPU
		{B9FB9D03-8492-4708-A238-D29845B1C44E}.Release|Any CPU.Build.0 = Release|Any CPU
	EndGlobalSection
	GlobalSection(SolutionProperties) = preSolution
		HideSolutionNode = FALSE
	EndGlobalSection
	GlobalSection(ExtensibilityGlobals) = postSolution
		SolutionGuid = {FA8669F0-60EF-4398-A5DE-8F0CF72A5754}
	EndGlobalSection
EndGlobal
